// !$*UTF8*$!
{
	archiveVersion = 1;
	classes = {
	};
	objectVersion = 50;
	objects = {

/* Begin PBXBuildFile section */
		5567C1FC272BE36000C35EFD /* SearchVC.swift in Sources */ = {isa = PBXBuildFile; fileRef = 5567C1FB272BE36000C35EFD /* SearchVC.swift */; };
		5567C200272BE62F00C35EFD /* FavoritesListVC.swift in Sources */ = {isa = PBXBuildFile; fileRef = 5567C1FF272BE62F00C35EFD /* FavoritesListVC.swift */; };
		5567C2042731F4E800C35EFD /* GFButton.swift in Sources */ = {isa = PBXBuildFile; fileRef = 5567C2032731F4E800C35EFD /* GFButton.swift */; };
		5567C2062731FAD700C35EFD /* GFTextField.swift in Sources */ = {isa = PBXBuildFile; fileRef = 5567C2052731FAD700C35EFD /* GFTextField.swift */; };
		5570DB1C272910F000582AA3 /* AppDelegate.swift in Sources */ = {isa = PBXBuildFile; fileRef = 5570DB1B272910F000582AA3 /* AppDelegate.swift */; };
		5570DB1E272910F000582AA3 /* SceneDelegate.swift in Sources */ = {isa = PBXBuildFile; fileRef = 5570DB1D272910F000582AA3 /* SceneDelegate.swift */; };
		5570DB20272910F000582AA3 /* ViewController.swift in Sources */ = {isa = PBXBuildFile; fileRef = 5570DB1F272910F000582AA3 /* ViewController.swift */; };
		5570DB25272910F300582AA3 /* Assets.xcassets in Resources */ = {isa = PBXBuildFile; fileRef = 5570DB24272910F300582AA3 /* Assets.xcassets */; };
		5570DB28272910F300582AA3 /* LaunchScreen.storyboard in Resources */ = {isa = PBXBuildFile; fileRef = 5570DB26272910F300582AA3 /* LaunchScreen.storyboard */; };
		557C8D942743A9090028ED94 /* FollowerListVC.swift in Sources */ = {isa = PBXBuildFile; fileRef = 557C8D932743A9090028ED94 /* FollowerListVC.swift */; };
		558B2100274645EE00327857 /* GFTitleLabel.swift in Sources */ = {isa = PBXBuildFile; fileRef = 558B20FF274645EE00327857 /* GFTitleLabel.swift */; };
		558B21022746462500327857 /* GFBodyLabel.swift in Sources */ = {isa = PBXBuildFile; fileRef = 558B21012746462500327857 /* GFBodyLabel.swift */; };
		558B21042746468000327857 /* GFAlertVC.swift in Sources */ = {isa = PBXBuildFile; fileRef = 558B21032746468000327857 /* GFAlertVC.swift */; };
		558B2106274646BD00327857 /* UIViewController+Extensions.swift in Sources */ = {isa = PBXBuildFile; fileRef = 558B2105274646BD00327857 /* UIViewController+Extensions.swift */; };
/* End PBXBuildFile section */

/* Begin PBXFileReference section */
		5567C1FB272BE36000C35EFD /* SearchVC.swift */ = {isa = PBXFileReference; lastKnownFileType = sourcecode.swift; path = SearchVC.swift; sourceTree = "<group>"; };
		5567C1FF272BE62F00C35EFD /* FavoritesListVC.swift */ = {isa = PBXFileReference; lastKnownFileType = sourcecode.swift; path = FavoritesListVC.swift; sourceTree = "<group>"; };
		5567C2032731F4E800C35EFD /* GFButton.swift */ = {isa = PBXFileReference; lastKnownFileType = sourcecode.swift; path = GFButton.swift; sourceTree = "<group>"; };
		5567C2052731FAD700C35EFD /* GFTextField.swift */ = {isa = PBXFileReference; lastKnownFileType = sourcecode.swift; path = GFTextField.swift; sourceTree = "<group>"; };
		5570DB18272910F000582AA3 /* GitHub Project.app */ = {isa = PBXFileReference; explicitFileType = wrapper.application; includeInIndex = 0; path = "GitHub Project.app"; sourceTree = BUILT_PRODUCTS_DIR; };
		5570DB1B272910F000582AA3 /* AppDelegate.swift */ = {isa = PBXFileReference; lastKnownFileType = sourcecode.swift; path = AppDelegate.swift; sourceTree = "<group>"; };
		5570DB1D272910F000582AA3 /* SceneDelegate.swift */ = {isa = PBXFileReference; lastKnownFileType = sourcecode.swift; path = SceneDelegate.swift; sourceTree = "<group>"; };
		5570DB1F272910F000582AA3 /* ViewController.swift */ = {isa = PBXFileReference; lastKnownFileType = sourcecode.swift; path = ViewController.swift; sourceTree = "<group>"; };
		5570DB24272910F300582AA3 /* Assets.xcassets */ = {isa = PBXFileReference; lastKnownFileType = folder.assetcatalog; path = Assets.xcassets; sourceTree = "<group>"; };
		5570DB27272910F300582AA3 /* Base */ = {isa = PBXFileReference; lastKnownFileType = file.storyboard; name = Base; path = Base.lproj/LaunchScreen.storyboard; sourceTree = "<group>"; };
		5570DB29272910F300582AA3 /* Info.plist */ = {isa = PBXFileReference; lastKnownFileType = text.plist.xml; path = Info.plist; sourceTree = "<group>"; };
		557C8D932743A9090028ED94 /* FollowerListVC.swift */ = {isa = PBXFileReference; lastKnownFileType = sourcecode.swift; path = FollowerListVC.swift; sourceTree = "<group>"; };
		558B20FF274645EE00327857 /* GFTitleLabel.swift */ = {isa = PBXFileReference; lastKnownFileType = sourcecode.swift; path = GFTitleLabel.swift; sourceTree = "<group>"; };
		558B21012746462500327857 /* GFBodyLabel.swift */ = {isa = PBXFileReference; lastKnownFileType = sourcecode.swift; path = GFBodyLabel.swift; sourceTree = "<group>"; };
		558B21032746468000327857 /* GFAlertVC.swift */ = {isa = PBXFileReference; lastKnownFileType = sourcecode.swift; path = GFAlertVC.swift; sourceTree = "<group>"; };
		558B2105274646BD00327857 /* UIViewController+Extensions.swift */ = {isa = PBXFileReference; lastKnownFileType = sourcecode.swift; path = "UIViewController+Extensions.swift"; sourceTree = "<group>"; };
/* End PBXFileReference section */

/* Begin PBXFrameworksBuildPhase section */
		5570DB15272910F000582AA3 /* Frameworks */ = {
			isa = PBXFrameworksBuildPhase;
			buildActionMask = 2147483647;
			files = (
			);
			runOnlyForDeploymentPostprocessing = 0;
		};
/* End PBXFrameworksBuildPhase section */

/* Begin PBXGroup section */
		5570DB0F272910F000582AA3 = {
			isa = PBXGroup;
			children = (
				5570DB1A272910F000582AA3 /* GitHub Project */,
				5570DB19272910F000582AA3 /* Products */,
			);
			sourceTree = "<group>";
		};
		5570DB19272910F000582AA3 /* Products */ = {
			isa = PBXGroup;
			children = (
				5570DB18272910F000582AA3 /* GitHub Project.app */,
			);
			name = Products;
			sourceTree = "<group>";
		};
		5570DB1A272910F000582AA3 /* GitHub Project */ = {
			isa = PBXGroup;
			children = (
				558B20FC2746407900327857 /* Custom Views */,
				558B20FA2746405700327857 /* Extensions */,
				558B20FB2746406100327857 /* Screens */,
				558B20FD2746408F00327857 /* Support */,
				558B20FF274645EE00327857 /* GFTitleLabel.swift */,
				558B21012746462500327857 /* GFBodyLabel.swift */,
				558B21032746468000327857 /* GFAlertVC.swift */,
				558B2105274646BD00327857 /* UIViewController+Extensions.swift */,
			);
			path = "GitHub Project";
			sourceTree = "<group>";
		};
		558B20FA2746405700327857 /* Extensions */ = {
			isa = PBXGroup;
			children = (
			);
			path = Extensions;
			sourceTree = "<group>";
		};
		558B20FB2746406100327857 /* Screens */ = {
			isa = PBXGroup;
			children = (
				557C8D932743A9090028ED94 /* FollowerListVC.swift */,
				5567C1FF272BE62F00C35EFD /* FavoritesListVC.swift */,
				5567C1FB272BE36000C35EFD /* SearchVC.swift */,
			);
			path = Screens;
			sourceTree = "<group>";
		};
		558B20FC2746407900327857 /* Custom Views */ = {
			isa = PBXGroup;
			children = (
				5567C2052731FAD700C35EFD /* GFTextField.swift */,
				5567C2032731F4E800C35EFD /* GFButton.swift */,
			);
			path = "Custom Views";
			sourceTree = "<group>";
		};
		558B20FD2746408F00327857 /* Support */ = {
			isa = PBXGroup;
			children = (
				5570DB29272910F300582AA3 /* Info.plist */,
				5570DB1B272910F000582AA3 /* AppDelegate.swift */,
				5570DB1D272910F000582AA3 /* SceneDelegate.swift */,
				5570DB1F272910F000582AA3 /* ViewController.swift */,
				5570DB24272910F300582AA3 /* Assets.xcassets */,
				5570DB26272910F300582AA3 /* LaunchScreen.storyboard */,
			);
			path = Support;
			sourceTree = "<group>";
		};
/* End PBXGroup section */

/* Begin PBXNativeTarget section */
		5570DB17272910F000582AA3 /* GitHub Project */ = {
			isa = PBXNativeTarget;
			buildConfigurationList = 5570DB2C272910F300582AA3 /* Build configuration list for PBXNativeTarget "GitHub Project" */;
			buildPhases = (
				5570DB14272910F000582AA3 /* Sources */,
				5570DB15272910F000582AA3 /* Frameworks */,
				5570DB16272910F000582AA3 /* Resources */,
			);
			buildRules = (
			);
			dependencies = (
			);
			name = "GitHub Project";
			productName = "GitHub Project";
			productReference = 5570DB18272910F000582AA3 /* GitHub Project.app */;
			productType = "com.apple.product-type.application";
		};
/* End PBXNativeTarget section */

/* Begin PBXProject section */
		5570DB10272910F000582AA3 /* Project object */ = {
			isa = PBXProject;
			attributes = {
				LastSwiftUpdateCheck = 1250;
				LastUpgradeCheck = 1250;
				TargetAttributes = {
					5570DB17272910F000582AA3 = {
						CreatedOnToolsVersion = 12.5.1;
					};
				};
			};
			buildConfigurationList = 5570DB13272910F000582AA3 /* Build configuration list for PBXProject "GitHub Project" */;
			compatibilityVersion = "Xcode 9.3";
			developmentRegion = en;
			hasScannedForEncodings = 0;
			knownRegions = (
				en,
				Base,
			);
			mainGroup = 5570DB0F272910F000582AA3;
			productRefGroup = 5570DB19272910F000582AA3 /* Products */;
			projectDirPath = "";
			projectRoot = "";
			targets = (
				5570DB17272910F000582AA3 /* GitHub Project */,
			);
		};
/* End PBXProject section */

/* Begin PBXResourcesBuildPhase section */
		5570DB16272910F000582AA3 /* Resources */ = {
			isa = PBXResourcesBuildPhase;
			buildActionMask = 2147483647;
			files = (
				5570DB28272910F300582AA3 /* LaunchScreen.storyboard in Resources */,
				5570DB25272910F300582AA3 /* Assets.xcassets in Resources */,
			);
			runOnlyForDeploymentPostprocessing = 0;
		};
/* End PBXResourcesBuildPhase section */

/* Begin PBXSourcesBuildPhase section */
		5570DB14272910F000582AA3 /* Sources */ = {
			isa = PBXSourcesBuildPhase;
			buildActionMask = 2147483647;
			files = (
				5567C1FC272BE36000C35EFD /* SearchVC.swift in Sources */,
				5570DB20272910F000582AA3 /* ViewController.swift in Sources */,
				5567C2042731F4E800C35EFD /* GFButton.swift in Sources */,
				5567C200272BE62F00C35EFD /* FavoritesListVC.swift in Sources */,
				558B2106274646BD00327857 /* UIViewController+Extensions.swift in Sources */,
				5570DB1C272910F000582AA3 /* AppDelegate.swift in Sources */,
				558B21042746468000327857 /* GFAlertVC.swift in Sources */,
				5570DB1E272910F000582AA3 /* SceneDelegate.swift in Sources */,
				558B2100274645EE00327857 /* GFTitleLabel.swift in Sources */,
				557C8D942743A9090028ED94 /* FollowerListVC.swift in Sources */,
				5567C2062731FAD700C35EFD /* GFTextField.swift in Sources */,
				558B21022746462500327857 /* GFBodyLabel.swift in Sources */,
			);
			runOnlyForDeploymentPostprocessing = 0;
		};
/* End PBXSourcesBuildPhase section */

/* Begin PBXVariantGroup section */
		5570DB26272910F300582AA3 /* LaunchScreen.storyboard */ = {
			isa = PBXVariantGroup;
			children = (
				5570DB27272910F300582AA3 /* Base */,
			);
			name = LaunchScreen.storyboard;
			sourceTree = "<group>";
		};
/* End PBXVariantGroup section */

/* Begin XCBuildConfiguration section */
		5570DB2A272910F300582AA3 /* Debug */ = {
			isa = XCBuildConfiguration;
			buildSettings = {
				ALWAYS_SEARCH_USER_PATHS = NO;
				CLANG_ANALYZER_NONNULL = YES;
				CLANG_ANALYZER_NUMBER_OBJECT_CONVERSION = YES_AGGRESSIVE;
				CLANG_CXX_LANGUAGE_STANDARD = "gnu++14";
				CLANG_CXX_LIBRARY = "libc++";
				CLANG_ENABLE_MODULES = YES;
				CLANG_ENABLE_OBJC_ARC = YES;
				CLANG_ENABLE_OBJC_WEAK = YES;
				CLANG_WARN_BLOCK_CAPTURE_AUTORELEASING = YES;
				CLANG_WARN_BOOL_CONVERSION = YES;
				CLANG_WARN_COMMA = YES;
				CLANG_WARN_CONSTANT_CONVERSION = YES;
				CLANG_WARN_DEPRECATED_OBJC_IMPLEMENTATIONS = YES;
				CLANG_WARN_DIRECT_OBJC_ISA_USAGE = YES_ERROR;
				CLANG_WARN_DOCUMENTATION_COMMENTS = YES;
				CLANG_WARN_EMPTY_BODY = YES;
				CLANG_WARN_ENUM_CONVERSION = YES;
				CLANG_WARN_INFINITE_RECURSION = YES;
				CLANG_WARN_INT_CONVERSION = YES;
				CLANG_WARN_NON_LITERAL_NULL_CONVERSION = YES;
				CLANG_WARN_OBJC_IMPLICIT_RETAIN_SELF = YES;
				CLANG_WARN_OBJC_LITERAL_CONVERSION = YES;
				CLANG_WARN_OBJC_ROOT_CLASS = YES_ERROR;
				CLANG_WARN_QUOTED_INCLUDE_IN_FRAMEWORK_HEADER = YES;
				CLANG_WARN_RANGE_LOOP_ANALYSIS = YES;
				CLANG_WARN_STRICT_PROTOTYPES = YES;
				CLANG_WARN_SUSPICIOUS_MOVE = YES;
				CLANG_WARN_UNGUARDED_AVAILABILITY = YES_AGGRESSIVE;
				CLANG_WARN_UNREACHABLE_CODE = YES;
				CLANG_WARN__DUPLICATE_METHOD_MATCH = YES;
				COPY_PHASE_STRIP = NO;
				DEBUG_INFORMATION_FORMAT = dwarf;
				ENABLE_STRICT_OBJC_MSGSEND = YES;
				ENABLE_TESTABILITY = YES;
				GCC_C_LANGUAGE_STANDARD = gnu11;
				GCC_DYNAMIC_NO_PIC = NO;
				GCC_NO_COMMON_BLOCKS = YES;
				GCC_OPTIMIZATION_LEVEL = 0;
				GCC_PREPROCESSOR_DEFINITIONS = (
					"DEBUG=1",
					"$(inherited)",
				);
				GCC_WARN_64_TO_32_BIT_CONVERSION = YES;
				GCC_WARN_ABOUT_RETURN_TYPE = YES_ERROR;
				GCC_WARN_UNDECLARED_SELECTOR = YES;
				GCC_WARN_UNINITIALIZED_AUTOS = YES_AGGRESSIVE;
				GCC_WARN_UNUSED_FUNCTION = YES;
				GCC_WARN_UNUSED_VARIABLE = YES;
				IPHONEOS_DEPLOYMENT_TARGET = 14.5;
				MTL_ENABLE_DEBUG_INFO = INCLUDE_SOURCE;
				MTL_FAST_MATH = YES;
				ONLY_ACTIVE_ARCH = YES;
				SDKROOT = iphoneos;
				SWIFT_ACTIVE_COMPILATION_CONDITIONS = DEBUG;
				SWIFT_OPTIMIZATION_LEVEL = "-Onone";
			};
			name = Debug;
		};
		5570DB2B272910F300582AA3 /* Release */ = {
			isa = XCBuildConfiguration;
			buildSettings = {
				ALWAYS_SEARCH_USER_PATHS = NO;
				CLANG_ANALYZER_NONNULL = YES;
				CLANG_ANALYZER_NUMBER_OBJECT_CONVERSION = YES_AGGRESSIVE;
				CLANG_CXX_LANGUAGE_STANDARD = "gnu++14";
				CLANG_CXX_LIBRARY = "libc++";
				CLANG_ENABLE_MODULES = YES;
				CLANG_ENABLE_OBJC_ARC = YES;
				CLANG_ENABLE_OBJC_WEAK = YES;
				CLANG_WARN_BLOCK_CAPTURE_AUTORELEASING = YES;
				CLANG_WARN_BOOL_CONVERSION = YES;
				CLANG_WARN_COMMA = YES;
				CLANG_WARN_CONSTANT_CONVERSION = YES;
				CLANG_WARN_DEPRECATED_OBJC_IMPLEMENTATIONS = YES;
				CLANG_WARN_DIRECT_OBJC_ISA_USAGE = YES_ERROR;
				CLANG_WARN_DOCUMENTATION_COMMENTS = YES;
				CLANG_WARN_EMPTY_BODY = YES;
				CLANG_WARN_ENUM_CONVERSION = YES;
				CLANG_WARN_INFINITE_RECURSION = YES;
				CLANG_WARN_INT_CONVERSION = YES;
				CLANG_WARN_NON_LITERAL_NULL_CONVERSION = YES;
				CLANG_WARN_OBJC_IMPLICIT_RETAIN_SELF = YES;
				CLANG_WARN_OBJC_LITERAL_CONVERSION = YES;
				CLANG_WARN_OBJC_ROOT_CLASS = YES_ERROR;
				CLANG_WARN_QUOTED_INCLUDE_IN_FRAMEWORK_HEADER = YES;
				CLANG_WARN_RANGE_LOOP_ANALYSIS = YES;
				CLANG_WARN_STRICT_PROTOTYPES = YES;
				CLANG_WARN_SUSPICIOUS_MOVE = YES;
				CLANG_WARN_UNGUARDED_AVAILABILITY = YES_AGGRESSIVE;
				CLANG_WARN_UNREACHABLE_CODE = YES;
				CLANG_WARN__DUPLICATE_METHOD_MATCH = YES;
				COPY_PHASE_STRIP = NO;
				DEBUG_INFORMATION_FORMAT = "dwarf-with-dsym";
				ENABLE_NS_ASSERTIONS = NO;
				ENABLE_STRICT_OBJC_MSGSEND = YES;
				GCC_C_LANGUAGE_STANDARD = gnu11;
				GCC_NO_COMMON_BLOCKS = YES;
				GCC_WARN_64_TO_32_BIT_CONVERSION = YES;
				GCC_WARN_ABOUT_RETURN_TYPE = YES_ERROR;
				GCC_WARN_UNDECLARED_SELECTOR = YES;
				GCC_WARN_UNINITIALIZED_AUTOS = YES_AGGRESSIVE;
				GCC_WARN_UNUSED_FUNCTION = YES;
				GCC_WARN_UNUSED_VARIABLE = YES;
				IPHONEOS_DEPLOYMENT_TARGET = 14.5;
				MTL_ENABLE_DEBUG_INFO = NO;
				MTL_FAST_MATH = YES;
				SDKROOT = iphoneos;
				SWIFT_COMPILATION_MODE = wholemodule;
				SWIFT_OPTIMIZATION_LEVEL = "-O";
				VALIDATE_PRODUCT = YES;
			};
			name = Release;
		};
		5570DB2D272910F300582AA3 /* Debug */ = {
			isa = XCBuildConfiguration;
			buildSettings = {
				ASSETCATALOG_COMPILER_APPICON_NAME = AppIcon;
				ASSETCATALOG_COMPILER_GLOBAL_ACCENT_COLOR_NAME = AccentColor;
				CODE_SIGN_STYLE = Automatic;
				DEVELOPMENT_TEAM = 4WXSFZLPV5;
				INFOPLIST_FILE = "GitHub Project/Info.plist";
				"INFOPLIST_FILE[sdk=*]" = "GitHub Project/Support/Info.plist";
				LD_RUNPATH_SEARCH_PATHS = (
					"$(inherited)",
					"@executable_path/Frameworks",
				);
				PRODUCT_BUNDLE_IDENTIFIER = "com.johnhernandez.GitHub-Project";
				PRODUCT_NAME = "$(TARGET_NAME)";
				SWIFT_VERSION = 5.0;
				TARGETED_DEVICE_FAMILY = 1;
			};
			name = Debug;
		};
		5570DB2E272910F300582AA3 /* Release */ = {
			isa = XCBuildConfiguration;
			buildSettings = {
				ASSETCATALOG_COMPILER_APPICON_NAME = AppIcon;
				ASSETCATALOG_COMPILER_GLOBAL_ACCENT_COLOR_NAME = AccentColor;
				CODE_SIGN_STYLE = Automatic;
				DEVELOPMENT_TEAM = 4WXSFZLPV5;
				INFOPLIST_FILE = "GitHub Project/Info.plist";
				"INFOPLIST_FILE[sdk=*]" = "GitHub Project/Support/Info.plist";
				LD_RUNPATH_SEARCH_PATHS = (
					"$(inherited)",
					"@executable_path/Frameworks",
				);
				PRODUCT_BUNDLE_IDENTIFIER = "com.johnhernandez.GitHub-Project";
				PRODUCT_NAME = "$(TARGET_NAME)";
				SWIFT_VERSION = 5.0;
				TARGETED_DEVICE_FAMILY = 1;
			};
			name = Release;
		};
/* End XCBuildConfiguration section */

/* Begin XCConfigurationList section */
		5570DB13272910F000582AA3 /* Build configuration list for PBXProject "GitHub Project" */ = {
			isa = XCConfigurationList;
			buildConfigurations = (
				5570DB2A272910F300582AA3 /* Debug */,
				5570DB2B272910F300582AA3 /* Release */,
			);
			defaultConfigurationIsVisible = 0;
			defaultConfigurationName = Release;
		};
		5570DB2C272910F300582AA3 /* Build configuration list for PBXNativeTarget "GitHub Project" */ = {
			isa = XCConfigurationList;
			buildConfigurations = (
				5570DB2D272910F300582AA3 /* Debug */,
				5570DB2E272910F300582AA3 /* Release */,
			);
			defaultConfigurationIsVisible = 0;
			defaultConfigurationName = Release;
		};
/* End XCConfigurationList section */
	};
	rootObject = 5570DB10272910F000582AA3 /* Project object */;
}
